
Microsoft Visual Studio Solution File, Format Version 12.00
# Visual Studio Version 17
VisualStudioVersion = 17.13.35818.85 d17.13
MinimumVisualStudioVersion = 10.0.40219.1
Project("{FAE04EC0-301F-11D3-BF4B-00C04F79EFBC}") = "APIChatRealTime", "APIChatRealTime\APIChatRealTime.csproj", "{446B3442-69D2-49A7-87F8-7F204DB4E30B}"
EndProject
Global
	GlobalSection(SolutionConfigurationPlatforms) = preSolution
		Debug|Any CPU = Debug|Any CPU
		Release|Any CPU = Release|Any CPU
	EndGlobalSection
	GlobalSection(ProjectConfigurationPlatforms) = postSolution
		{446B3442-69D2-49A7-87F8-7F204DB4E30B}.Debug|Any CPU.ActiveCfg = Debug|Any CPU
		{446B3442-69D2-49A7-87F8-7F204DB4E30B}.Debug|Any CPU.Build.0 = Debug|Any CPU
		{446B3442-69D2-49A7-87F8-7F204DB4E30B}.Release|Any CPU.ActiveCfg = Release|Any CPU
		{446B3442-69D2-49A7-87F8-7F204DB4E30B}.Release|Any CPU.Build.0 = Release|Any CPU
	EndGlobalSection
	GlobalSection(SolutionProperties) = preSolution
		HideSolutionNode = FALSE
	EndGlobalSection
	GlobalSection(ExtensibilityGlobals) = postSolution
		SolutionGuid = {739CF2FA-51C1-46D9-B23A-9D018B573933}
	EndGlobalSection
EndGlobal
